{
  "name": "orange-pi-temp",
  "lockfileVersion": 3,
  "requires": true,
  "packages": {
    "": {
      "dependencies": {
        "cron": "^3.1.6",
        "dotenv": "^16.3.1",
        "systeminformation": "^5.21.22"
      }
    },
    "node_modules/@types/luxon": {
      "version": "3.3.8",
      "resolved": "https://registry.npmjs.org/@types/luxon/-/luxon-3.3.8.tgz",
      "integrity": "sha512-jYvz8UMLDgy3a5SkGJne8H7VA7zPV2Lwohjx0V8V31+SqAjNmurWMkk9cQhfvlcnXWudBpK9xPM1n4rljOcHYQ=="
    },
    "node_modules/cron": {
      "version": "3.1.6",
      "resolved": "https://registry.npmjs.org/cron/-/cron-3.1.6.tgz",
      "integrity": "sha512-cvFiQCeVzsA+QPM6fhjBtlKGij7tLLISnTSvFxVdnFGLdz+ZdXN37kNe0i2gefmdD17XuZA6n2uPVwzl4FxW/w==",
      "dependencies": {
        "@types/luxon": "~3.3.0",
        "luxon": "~3.4.0"
      }
    },
    "node_modules/dotenv": {
      "version": "16.3.1",
      "resolved": "https://registry.npmjs.org/dotenv/-/dotenv-16.3.1.tgz",
      "integrity": "sha512-IPzF4w4/Rd94bA9imS68tZBaYyBWSCE47V1RGuMrB94iyTOIEwRmVL2x/4An+6mETpLrKJ5hQkB8W4kFAadeIQ==",
      "engines": {
        "node": ">=12"
      },
      "funding": {
        "url": "https://github.com/motdotla/dotenv?sponsor=1"
      }
    },
    "node_modules/luxon": {
      "version": "3.4.4",
      "resolved": "https://registry.npmjs.org/luxon/-/luxon-3.4.4.tgz",
      "integrity": "sha512-zobTr7akeGHnv7eBOXcRgMeCP6+uyYsczwmeRCauvpvaAltgNyTbLH/+VaEAPUeWBT+1GuNmz4wC/6jtQzbbVA==",
      "engines": {
        "node": ">=12"
      }
    },
    "node_modules/systeminformation": {
      "version": "5.21.22",
      "resolved": "https://registry.npmjs.org/systeminformation/-/systeminformation-5.21.22.tgz",
      "integrity": "sha512-gNHloAJSyS+sKWkwvmvozZ1eHrdVTEsynWMTY6lvLGBB70gflkBQFw8drXXr1oEXY84+Vr9tOOrN8xHZLJSycA==",
      "os": [
        "darwin",
        "linux",
        "win32",
        "freebsd",
        "openbsd",
        "netbsd",
        "sunos",
        "android"
      ],
      "bin": {
        "systeminformation": "lib/cli.js"
      },
      "engines": {
        "node": ">=8.0.0"
      },
      "funding": {
        "type": "Buy me a coffee",
        "url": "https://www.buymeacoffee.com/systeminfo"
      }
    }
  }
}
